
Microsoft Visual Studio Solution File, Format Version 12.00
# Visual Studio 15
VisualStudioVersion = 15.0.26430.6
MinimumVisualStudioVersion = 10.0.40219.1
Project("{FAE04EC0-301F-11D3-BF4B-00C04F79EFBC}") = "SystemConsoler", "SystemConsoler\SystemConsoler.csproj", "{0CCD3870-4FC7-46BA-AFF9-7FA1477E7FF8}"
EndProject
Project("{FAE04EC0-301F-11D3-BF4B-00C04F79EFBC}") = "SystemConsoler.BLL", "SystemConsoler.BLL\SystemConsoler.BLL.csproj", "{8DAD8B38-63BB-472B-B0DF-FE96ED26EF4C}"
EndProject
Global
	GlobalSection(SolutionConfigurationPlatforms) = preSolution
		Debug|Any CPU = Debug|Any CPU
		Release|Any CPU = Release|Any CPU
	EndGlobalSection
	GlobalSection(ProjectConfigurationPlatforms) = postSolution
		{0CCD3870-4FC7-46BA-AFF9-7FA1477E7FF8}.Debug|Any CPU.ActiveCfg = Debug|Any CPU
		{0CCD3870-4FC7-46BA-AFF9-7FA1477E7FF8}.Debug|Any CPU.Build.0 = Debug|Any CPU
		{0CCD3870-4FC7-46BA-AFF9-7FA1477E7FF8}.Release|Any CPU.ActiveCfg = Release|Any CPU
		{0CCD3870-4FC7-46BA-AFF9-7FA1477E7FF8}.Release|Any CPU.Build.0 = Release|Any CPU
		{8DAD8B38-63BB-472B-B0DF-FE96ED26EF4C}.Debug|Any CPU.ActiveCfg = Debug|Any CPU
		{8DAD8B38-63BB-472B-B0DF-FE96ED26EF4C}.Debug|Any CPU.Build.0 = Debug|Any CPU
		{8DAD8B38-63BB-472B-B0DF-FE96ED26EF4C}.Release|Any CPU.ActiveCfg = Release|Any CPU
		{8DAD8B38-63BB-472B-B0DF-FE96ED26EF4C}.Release|Any CPU.Build.0 = Release|Any CPU
	EndGlobalSection
	GlobalSection(SolutionProperties) = preSolution
		HideSolutionNode = FALSE
	EndGlobalSection
	GlobalSection(ExtensibilityGlobals) = postSolution
		SolutionGuid = {4BCF427A-78AC-4ED9-A387-A7B3F0E8978E}
	EndGlobalSection
EndGlobal
